// !$*UTF8*$!
{
	archiveVersion = 1;
	classes = {
	};
	objectVersion = 46;
	objects = {

/* Begin PBXBuildFile section */
		7A3BF02D1F5FC06200C871E4 /* FinishedTodoList.mm in Sources */ = {isa = PBXBuildFile; fileRef = 7A3BF02C1F5FC06200C871E4 /* FinishedTodoList.mm */; };
		AB8EC9151937DDA23E6E054C /* Pods_TodoList.framework in Frameworks */ = {isa = PBXBuildFile; fileRef = 88316C8B7E228578C420E4D5 /* Pods_TodoList.framework */; };
		C747136B1F5AFA6A000D60EE /* AppDelegate.mm in Sources */ = {isa = PBXBuildFile; fileRef = C747136A1F5AFA6A000D60EE /* AppDelegate.mm */; };
		C747136E1F5AFA6A000D60EE /* main.m in Sources */ = {isa = PBXBuildFile; fileRef = C747136D1F5AFA6A000D60EE /* main.m */; };
		C74713711F5AFA6A000D60EE /* TodoListVC.mm in Sources */ = {isa = PBXBuildFile; fileRef = C74713701F5AFA6A000D60EE /* TodoListVC.mm */; };
		C74713731F5AFA6A000D60EE /* Assets.xcassets in Resources */ = {isa = PBXBuildFile; fileRef = C74713721F5AFA6A000D60EE /* Assets.xcassets */; };
		C74713761F5AFA6A000D60EE /* Main.storyboard in Resources */ = {isa = PBXBuildFile; fileRef = C74713741F5AFA6A000D60EE /* Main.storyboard */; };
		C7AF43AE1F5C23C400AD1CDF /* TodoDetailVC.mm in Sources */ = {isa = PBXBuildFile; fileRef = C7AF43AD1F5C23C400AD1CDF /* TodoDetailVC.mm */; };
		C7AF43B11F5C2D8600AD1CDF /* Todo+WCTTableCoding.mm in Sources */ = {isa = PBXBuildFile; fileRef = C7AF43B01F5C2D8600AD1CDF /* Todo+WCTTableCoding.mm */; };
		C7B4A5811F5B911000867BC4 /* CreateTodoVC.mm in Sources */ = {isa = PBXBuildFile; fileRef = C7B4A5801F5B911000867BC4 /* CreateTodoVC.mm */; };
		C7B4A5841F5B95AA00867BC4 /* Todo.mm in Sources */ = {isa = PBXBuildFile; fileRef = C7B4A5831F5B95AA00867BC4 /* Todo.mm */; };
		C7B4A5881F5B9AC100867BC4 /* DataBaseManager.mm in Sources */ = {isa = PBXBuildFile; fileRef = C7B4A5871F5B9AC100867BC4 /* DataBaseManager.mm */; };
		C7B4A58B1F5BA9CC00867BC4 /* NSDate+Util.m in Sources */ = {isa = PBXBuildFile; fileRef = C7B4A58A1F5BA9CC00867BC4 /* NSDate+Util.m */; };
/* End PBXBuildFile section */

/* Begin PBXFileReference section */
		5589AB19FEF341A23C77791C /* Pods-TodoList.debug.xcconfig */ = {isa = PBXFileReference; includeInIndex = 1; lastKnownFileType = text.xcconfig; name = "Pods-TodoList.debug.xcconfig"; path = "Pods/Target Support Files/Pods-TodoList/Pods-TodoList.debug.xcconfig"; sourceTree = "<group>"; };
		7A3BF02B1F5FC06200C871E4 /* FinishedTodoList.h */ = {isa = PBXFileReference; fileEncoding = 4; lastKnownFileType = sourcecode.c.h; path = FinishedTodoList.h; sourceTree = "<group>"; };
		7A3BF02C1F5FC06200C871E4 /* FinishedTodoList.mm */ = {isa = PBXFileReference; fileEncoding = 4; lastKnownFileType = sourcecode.cpp.objcpp; path = FinishedTodoList.mm; sourceTree = "<group>"; };
		7A3BF02E1F5FC40A00C871E4 /* MainConstantDefine.h */ = {isa = PBXFileReference; lastKnownFileType = sourcecode.c.h; path = MainConstantDefine.h; sourceTree = "<group>"; };
		88316C8B7E228578C420E4D5 /* Pods_TodoList.framework */ = {isa = PBXFileReference; explicitFileType = wrapper.framework; includeInIndex = 0; path = Pods_TodoList.framework; sourceTree = BUILT_PRODUCTS_DIR; };
		C74713661F5AFA6A000D60EE /* TodoList.app */ = {isa = PBXFileReference; explicitFileType = wrapper.application; includeInIndex = 0; path = TodoList.app; sourceTree = BUILT_PRODUCTS_DIR; };
		C74713691F5AFA6A000D60EE /* AppDelegate.h */ = {isa = PBXFileReference; lastKnownFileType = sourcecode.c.h; path = AppDelegate.h; sourceTree = "<group>"; };
		C747136A1F5AFA6A000D60EE /* AppDelegate.mm */ = {isa = PBXFileReference; lastKnownFileType = sourcecode.cpp.objcpp; path = AppDelegate.mm; sourceTree = "<group>"; };
		C747136D1F5AFA6A000D60EE /* main.m */ = {isa = PBXFileReference; lastKnownFileType = sourcecode.c.objc; path = main.m; sourceTree = "<group>"; };
		C747136F1F5AFA6A000D60EE /* TodoListVC.h */ = {isa = PBXFileReference; lastKnownFileType = sourcecode.c.h; path = TodoListVC.h; sourceTree = "<group>"; };
		C74713701F5AFA6A000D60EE /* TodoListVC.mm */ = {isa = PBXFileReference; lastKnownFileType = sourcecode.cpp.objcpp; path = TodoListVC.mm; sourceTree = "<group>"; };
		C74713721F5AFA6A000D60EE /* Assets.xcassets */ = {isa = PBXFileReference; lastKnownFileType = folder.assetcatalog; path = Assets.xcassets; sourceTree = "<group>"; };
		C74713751F5AFA6A000D60EE /* Base */ = {isa = PBXFileReference; lastKnownFileType = file.storyboard; name = Base; path = Base.lproj/Main.storyboard; sourceTree = "<group>"; };
		C74713771F5AFA6A000D60EE /* Info.plist */ = {isa = PBXFileReference; lastKnownFileType = text.plist.xml; path = Info.plist; sourceTree = "<group>"; };
		C7AF43AC1F5C23C400AD1CDF /* TodoDetailVC.h */ = {isa = PBXFileReference; fileEncoding = 4; lastKnownFileType = sourcecode.c.h; path = TodoDetailVC.h; sourceTree = "<group>"; };
		C7AF43AD1F5C23C400AD1CDF /* TodoDetailVC.mm */ = {isa = PBXFileReference; fileEncoding = 4; lastKnownFileType = sourcecode.cpp.objcpp; path = TodoDetailVC.mm; sourceTree = "<group>"; };
		C7AF43AF1F5C2D8600AD1CDF /* Todo+WCTTableCoding.h */ = {isa = PBXFileReference; fileEncoding = 4; lastKnownFileType = sourcecode.c.h; path = "Todo+WCTTableCoding.h"; sourceTree = "<group>"; };
		C7AF43B01F5C2D8600AD1CDF /* Todo+WCTTableCoding.mm */ = {isa = PBXFileReference; fileEncoding = 4; lastKnownFileType = sourcecode.cpp.objcpp; path = "Todo+WCTTableCoding.mm"; sourceTree = "<group>"; };
		C7B4A57D1F5B8A4800867BC4 /* libz.tbd */ = {isa = PBXFileReference; lastKnownFileType = "sourcecode.text-based-dylib-definition"; name = libz.tbd; path = usr/lib/libz.tbd; sourceTree = SDKROOT; };
		C7B4A57F1F5B911000867BC4 /* CreateTodoVC.h */ = {isa = PBXFileReference; fileEncoding = 4; lastKnownFileType = sourcecode.c.h; path = CreateTodoVC.h; sourceTree = "<group>"; };
		C7B4A5801F5B911000867BC4 /* CreateTodoVC.mm */ = {isa = PBXFileReference; fileEncoding = 4; lastKnownFileType = sourcecode.cpp.objcpp; path = CreateTodoVC.mm; sourceTree = "<group>"; };
		C7B4A5821F5B95AA00867BC4 /* Todo.h */ = {isa = PBXFileReference; fileEncoding = 4; lastKnownFileType = sourcecode.c.h; path = Todo.h; sourceTree = "<group>"; };
		C7B4A5831F5B95AA00867BC4 /* Todo.mm */ = {isa = PBXFileReference; fileEncoding = 4; lastKnownFileType = sourcecode.cpp.objcpp; path = Todo.mm; sourceTree = "<group>"; };
		C7B4A5851F5B995300867BC4 /* TodoList.entitlements */ = {isa = PBXFileReference; lastKnownFileType = text.plist.entitlements; path = TodoList.entitlements; sourceTree = "<group>"; };
		C7B4A5861F5B9AC100867BC4 /* DataBaseManager.h */ = {isa = PBXFileReference; fileEncoding = 4; lastKnownFileType = sourcecode.c.h; path = DataBaseManager.h; sourceTree = "<group>"; };
		C7B4A5871F5B9AC100867BC4 /* DataBaseManager.mm */ = {isa = PBXFileReference; fileEncoding = 4; lastKnownFileType = sourcecode.cpp.objcpp; path = DataBaseManager.mm; sourceTree = "<group>"; };
		C7B4A5891F5BA9CC00867BC4 /* NSDate+Util.h */ = {isa = PBXFileReference; fileEncoding = 4; lastKnownFileType = sourcecode.c.h; path = "NSDate+Util.h"; sourceTree = "<group>"; };
		C7B4A58A1F5BA9CC00867BC4 /* NSDate+Util.m */ = {isa = PBXFileReference; fileEncoding = 4; lastKnownFileType = sourcecode.c.objc; path = "NSDate+Util.m"; sourceTree = "<group>"; };
		F0355DC59DF65881A1AFCF65 /* Pods-TodoList.release.xcconfig */ = {isa = PBXFileReference; includeInIndex = 1; lastKnownFileType = text.xcconfig; name = "Pods-TodoList.release.xcconfig"; path = "Pods/Target Support Files/Pods-TodoList/Pods-TodoList.release.xcconfig"; sourceTree = "<group>"; };
/* End PBXFileReference section */

/* Begin PBXFrameworksBuildPhase section */
		C74713631F5AFA6A000D60EE /* Frameworks */ = {
			isa = PBXFrameworksBuildPhase;
			buildActionMask = 2147483647;
			files = (
				AB8EC9151937DDA23E6E054C /* Pods_TodoList.framework in Frameworks */,
			);
			runOnlyForDeploymentPostprocessing = 0;
		};
/* End PBXFrameworksBuildPhase section */

/* Begin PBXGroup section */
		2AF2DAB7CEB240A081192E75 /* Frameworks */ = {
			isa = PBXGroup;
			children = (
				C7B4A57D1F5B8A4800867BC4 /* libz.tbd */,
				88316C8B7E228578C420E4D5 /* Pods_TodoList.framework */,
			);
			name = Frameworks;
			sourceTree = "<group>";
		};
		9F79AECA99789A526BC6FC79 /* Pods */ = {
			isa = PBXGroup;
			children = (
				5589AB19FEF341A23C77791C /* Pods-TodoList.debug.xcconfig */,
				F0355DC59DF65881A1AFCF65 /* Pods-TodoList.release.xcconfig */,
			);
			name = Pods;
			sourceTree = "<group>";
		};
		C747135D1F5AFA6A000D60EE = {
			isa = PBXGroup;
			children = (
				C74713681F5AFA6A000D60EE /* TodoList */,
				C74713671F5AFA6A000D60EE /* Products */,
				9F79AECA99789A526BC6FC79 /* Pods */,
				2AF2DAB7CEB240A081192E75 /* Frameworks */,
			);
			sourceTree = "<group>";
		};
		C74713671F5AFA6A000D60EE /* Products */ = {
			isa = PBXGroup;
			children = (
				C74713661F5AFA6A000D60EE /* TodoList.app */,
			);
			name = Products;
			sourceTree = "<group>";
		};
		C74713681F5AFA6A000D60EE /* TodoList */ = {
			isa = PBXGroup;
			children = (
				C7B4A5851F5B995300867BC4 /* TodoList.entitlements */,
				C74713691F5AFA6A000D60EE /* AppDelegate.h */,
				C747136A1F5AFA6A000D60EE /* AppDelegate.mm */,
				C747136F1F5AFA6A000D60EE /* TodoListVC.h */,
				C74713701F5AFA6A000D60EE /* TodoListVC.mm */,
				C7B4A57F1F5B911000867BC4 /* CreateTodoVC.h */,
				C7B4A5801F5B911000867BC4 /* CreateTodoVC.mm */,
				C7B4A5821F5B95AA00867BC4 /* Todo.h */,
				C7B4A5831F5B95AA00867BC4 /* Todo.mm */,
				C7AF43AF1F5C2D8600AD1CDF /* Todo+WCTTableCoding.h */,
				C7AF43B01F5C2D8600AD1CDF /* Todo+WCTTableCoding.mm */,
				C7B4A5861F5B9AC100867BC4 /* DataBaseManager.h */,
				C7B4A5871F5B9AC100867BC4 /* DataBaseManager.mm */,
				C7B4A5891F5BA9CC00867BC4 /* NSDate+Util.h */,
				C7B4A58A1F5BA9CC00867BC4 /* NSDate+Util.m */,
				C7AF43AC1F5C23C400AD1CDF /* TodoDetailVC.h */,
				C7AF43AD1F5C23C400AD1CDF /* TodoDetailVC.mm */,
				7A3BF02E1F5FC40A00C871E4 /* MainConstantDefine.h */,
				C74713721F5AFA6A000D60EE /* Assets.xcassets */,
				C74713741F5AFA6A000D60EE /* Main.storyboard */,
				C74713771F5AFA6A000D60EE /* Info.plist */,
				C747136C1F5AFA6A000D60EE /* Supporting Files */,
				7A3BF02B1F5FC06200C871E4 /* FinishedTodoList.h */,
				7A3BF02C1F5FC06200C871E4 /* FinishedTodoList.mm */,
			);
			path = TodoList;
			sourceTree = "<group>";
		};
		C747136C1F5AFA6A000D60EE /* Supporting Files */ = {
			isa = PBXGroup;
			children = (
				C747136D1F5AFA6A000D60EE /* main.m */,
			);
			name = "Supporting Files";
			sourceTree = "<group>";
		};
/* End PBXGroup section */

/* Begin PBXNativeTarget section */
		C74713651F5AFA6A000D60EE /* TodoList */ = {
			isa = PBXNativeTarget;
			buildConfigurationList = C747137A1F5AFA6A000D60EE /* Build configuration list for PBXNativeTarget "TodoList" */;
			buildPhases = (
				5F988CEDA2821140BFC5321B /* [CP] Check Pods Manifest.lock */,
				C74713621F5AFA6A000D60EE /* Sources */,
				C74713631F5AFA6A000D60EE /* Frameworks */,
				C74713641F5AFA6A000D60EE /* Resources */,
				41BEC8F8CB4CE75A65A52ABF /* [CP] Embed Pods Frameworks */,
				C5EF70DF0DCC3601BC7AA783 /* [CP] Copy Pods Resources */,
			);
			buildRules = (
			);
			dependencies = (
			);
			name = TodoList;
			productName = TodoList;
			productReference = C74713661F5AFA6A000D60EE /* TodoList.app */;
			productType = "com.apple.product-type.application";
		};
/* End PBXNativeTarget section */

/* Begin PBXProject section */
		C747135E1F5AFA6A000D60EE /* Project object */ = {
			isa = PBXProject;
			attributes = {
				LastUpgradeCheck = 0830;
				ORGANIZATIONNAME = "Mingwei Shi";
				TargetAttributes = {
					C74713651F5AFA6A000D60EE = {
						CreatedOnToolsVersion = 8.3.3;
						DevelopmentTeam = ME369AXE67;
						ProvisioningStyle = Automatic;
						SystemCapabilities = {
							com.apple.Sandbox = {
								enabled = 1;
							};
						};
					};
				};
			};
			buildConfigurationList = C74713611F5AFA6A000D60EE /* Build configuration list for PBXProject "TodoList" */;
			compatibilityVersion = "Xcode 3.2";
			developmentRegion = English;
			hasScannedForEncodings = 0;
			knownRegions = (
				en,
				Base,
			);
			mainGroup = C747135D1F5AFA6A000D60EE;
			productRefGroup = C74713671F5AFA6A000D60EE /* Products */;
			projectDirPath = "";
			projectRoot = "";
			targets = (
				C74713651F5AFA6A000D60EE /* TodoList */,
			);
		};
/* End PBXProject section */

/* Begin PBXResourcesBuildPhase section */
		C74713641F5AFA6A000D60EE /* Resources */ = {
			isa = PBXResourcesBuildPhase;
			buildActionMask = 2147483647;
			files = (
				C74713731F5AFA6A000D60EE /* Assets.xcassets in Resources */,
				C74713761F5AFA6A000D60EE /* Main.storyboard in Resources */,
			);
			runOnlyForDeploymentPostprocessing = 0;
		};
/* End PBXResourcesBuildPhase section */

/* Begin PBXShellScriptBuildPhase section */
		41BEC8F8CB4CE75A65A52ABF /* [CP] Embed Pods Frameworks */ = {
			isa = PBXShellScriptBuildPhase;
			buildActionMask = 2147483647;
			files = (
			);
			inputPaths = (
			);
			name = "[CP] Embed Pods Frameworks";
			outputPaths = (
			);
			runOnlyForDeploymentPostprocessing = 0;
			shellPath = /bin/sh;
			shellScript = "\"${SRCROOT}/Pods/Target Support Files/Pods-TodoList/Pods-TodoList-frameworks.sh\"\n";
			showEnvVarsInLog = 0;
		};
		5F988CEDA2821140BFC5321B /* [CP] Check Pods Manifest.lock */ = {
			isa = PBXShellScriptBuildPhase;
			buildActionMask = 2147483647;
			files = (
			);
			inputPaths = (
			);
			name = "[CP] Check Pods Manifest.lock";
			outputPaths = (
			);
			runOnlyForDeploymentPostprocessing = 0;
			shellPath = /bin/sh;
			shellScript = "diff \"${PODS_PODFILE_DIR_PATH}/Podfile.lock\" \"${PODS_ROOT}/Manifest.lock\" > /dev/null\nif [ $? != 0 ] ; then\n    # print error to STDERR\n    echo \"error: The sandbox is not in sync with the Podfile.lock. Run 'pod install' or update your CocoaPods installation.\" >&2\n    exit 1\nfi\n";
			showEnvVarsInLog = 0;
		};
		C5EF70DF0DCC3601BC7AA783 /* [CP] Copy Pods Resources */ = {
			isa = PBXShellScriptBuildPhase;
			buildActionMask = 2147483647;
			files = (
			);
			inputPaths = (
			);
			name = "[CP] Copy Pods Resources";
			outputPaths = (
			);
			runOnlyForDeploymentPostprocessing = 0;
			shellPath = /bin/sh;
			shellScript = "\"${SRCROOT}/Pods/Target Support Files/Pods-TodoList/Pods-TodoList-resources.sh\"\n";
			showEnvVarsInLog = 0;
		};
/* End PBXShellScriptBuildPhase section */

/* Begin PBXSourcesBuildPhase section */
		C74713621F5AFA6A000D60EE /* Sources */ = {
			isa = PBXSourcesBuildPhase;
			buildActionMask = 2147483647;
			files = (
				C7B4A5841F5B95AA00867BC4 /* Todo.mm in Sources */,
				C7B4A5811F5B911000867BC4 /* CreateTodoVC.mm in Sources */,
				C7AF43B11F5C2D8600AD1CDF /* Todo+WCTTableCoding.mm in Sources */,
				C7B4A5881F5B9AC100867BC4 /* DataBaseManager.mm in Sources */,
				C7AF43AE1F5C23C400AD1CDF /* TodoDetailVC.mm in Sources */,
				C74713711F5AFA6A000D60EE /* TodoListVC.mm in Sources */,
				C747136E1F5AFA6A000D60EE /* main.m in Sources */,
				7A3BF02D1F5FC06200C871E4 /* FinishedTodoList.mm in Sources */,
				C747136B1F5AFA6A000D60EE /* AppDelegate.mm in Sources */,
				C7B4A58B1F5BA9CC00867BC4 /* NSDate+Util.m in Sources */,
			);
			runOnlyForDeploymentPostprocessing = 0;
		};
/* End PBXSourcesBuildPhase section */

/* Begin PBXVariantGroup section */
		C74713741F5AFA6A000D60EE /* Main.storyboard */ = {
			isa = PBXVariantGroup;
			children = (
				C74713751F5AFA6A000D60EE /* Base */,
			);
			name = Main.storyboard;
			sourceTree = "<group>";
		};
/* End PBXVariantGroup section */

/* Begin XCBuildConfiguration section */
		C74713781F5AFA6A000D60EE /* Debug */ = {
			isa = XCBuildConfiguration;
			buildSettings = {
				ALWAYS_SEARCH_USER_PATHS = NO;
				CLANG_ANALYZER_NONNULL = YES;
				CLANG_ANALYZER_NUMBER_OBJECT_CONVERSION = YES_AGGRESSIVE;
				CLANG_CXX_LANGUAGE_STANDARD = "gnu++0x";
				CLANG_CXX_LIBRARY = "libc++";
				CLANG_ENABLE_MODULES = YES;
				CLANG_ENABLE_OBJC_ARC = YES;
				CLANG_WARN_BOOL_CONVERSION = YES;
				CLANG_WARN_CONSTANT_CONVERSION = YES;
				CLANG_WARN_DIRECT_OBJC_ISA_USAGE = YES_ERROR;
				CLANG_WARN_DOCUMENTATION_COMMENTS = YES;
				CLANG_WARN_EMPTY_BODY = YES;
				CLANG_WARN_ENUM_CONVERSION = YES;
				CLANG_WARN_INFINITE_RECURSION = YES;
				CLANG_WARN_INT_CONVERSION = YES;
				CLANG_WARN_OBJC_ROOT_CLASS = YES_ERROR;
				CLANG_WARN_SUSPICIOUS_MOVE = YES;
				CLANG_WARN_UNREACHABLE_CODE = YES;
				CLANG_WARN__DUPLICATE_METHOD_MATCH = YES;
				CODE_SIGN_IDENTITY = "-";
				COPY_PHASE_STRIP = NO;
				DEBUG_INFORMATION_FORMAT = dwarf;
				ENABLE_STRICT_OBJC_MSGSEND = YES;
				ENABLE_TESTABILITY = YES;
				GCC_C_LANGUAGE_STANDARD = gnu99;
				GCC_DYNAMIC_NO_PIC = NO;
				GCC_NO_COMMON_BLOCKS = YES;
				GCC_OPTIMIZATION_LEVEL = 0;
				GCC_PREPROCESSOR_DEFINITIONS = (
					"DEBUG=1",
					"$(inherited)",
				);
				GCC_WARN_64_TO_32_BIT_CONVERSION = YES;
				GCC_WARN_ABOUT_RETURN_TYPE = YES_ERROR;
				GCC_WARN_UNDECLARED_SELECTOR = YES;
				GCC_WARN_UNINITIALIZED_AUTOS = YES_AGGRESSIVE;
				GCC_WARN_UNUSED_FUNCTION = YES;
				GCC_WARN_UNUSED_VARIABLE = YES;
				MACOSX_DEPLOYMENT_TARGET = 10.12;
				MTL_ENABLE_DEBUG_INFO = YES;
				ONLY_ACTIVE_ARCH = YES;
				SDKROOT = macosx;
			};
			name = Debug;
		};
		C74713791F5AFA6A000D60EE /* Release */ = {
			isa = XCBuildConfiguration;
			buildSettings = {
				ALWAYS_SEARCH_USER_PATHS = NO;
				CLANG_ANALYZER_NONNULL = YES;
				CLANG_ANALYZER_NUMBER_OBJECT_CONVERSION = YES_AGGRESSIVE;
				CLANG_CXX_LANGUAGE_STANDARD = "gnu++0x";
				CLANG_CXX_LIBRARY = "libc++";
				CLANG_ENABLE_MODULES = YES;
				CLANG_ENABLE_OBJC_ARC = YES;
				CLANG_WARN_BOOL_CONVERSION = YES;
				CLANG_WARN_CONSTANT_CONVERSION = YES;
				CLANG_WARN_DIRECT_OBJC_ISA_USAGE = YES_ERROR;
				CLANG_WARN_DOCUMENTATION_COMMENTS = YES;
				CLANG_WARN_EMPTY_BODY = YES;
				CLANG_WARN_ENUM_CONVERSION = YES;
				CLANG_WARN_INFINITE_RECURSION = YES;
				CLANG_WARN_INT_CONVERSION = YES;
				CLANG_WARN_OBJC_ROOT_CLASS = YES_ERROR;
				CLANG_WARN_SUSPICIOUS_MOVE = YES;
				CLANG_WARN_UNREACHABLE_CODE = YES;
				CLANG_WARN__DUPLICATE_METHOD_MATCH = YES;
				CODE_SIGN_IDENTITY = "-";
				COPY_PHASE_STRIP = NO;
				DEBUG_INFORMATION_FORMAT = "dwarf-with-dsym";
				ENABLE_NS_ASSERTIONS = NO;
				ENABLE_STRICT_OBJC_MSGSEND = YES;
				GCC_C_LANGUAGE_STANDARD = gnu99;
				GCC_NO_COMMON_BLOCKS = YES;
				GCC_WARN_64_TO_32_BIT_CONVERSION = YES;
				GCC_WARN_ABOUT_RETURN_TYPE = YES_ERROR;
				GCC_WARN_UNDECLARED_SELECTOR = YES;
				GCC_WARN_UNINITIALIZED_AUTOS = YES_AGGRESSIVE;
				GCC_WARN_UNUSED_FUNCTION = YES;
				GCC_WARN_UNUSED_VARIABLE = YES;
				MACOSX_DEPLOYMENT_TARGET = 10.12;
				MTL_ENABLE_DEBUG_INFO = NO;
				SDKROOT = macosx;
			};
			name = Release;
		};
		C747137B1F5AFA6A000D60EE /* Debug */ = {
			isa = XCBuildConfiguration;
			baseConfigurationReference = 5589AB19FEF341A23C77791C /* Pods-TodoList.debug.xcconfig */;
			buildSettings = {
				ASSETCATALOG_COMPILER_APPICON_NAME = AppIcon;
				CODE_SIGN_ENTITLEMENTS = TodoList/TodoList.entitlements;
				CODE_SIGN_IDENTITY = "Mac Developer";
				COMBINE_HIDPI_IMAGES = YES;
				DEVELOPMENT_TEAM = ME369AXE67;
				INFOPLIST_FILE = TodoList/Info.plist;
				LD_RUNPATH_SEARCH_PATHS = "$(inherited) @executable_path/../Frameworks";
				MACOSX_DEPLOYMENT_TARGET = 10.10;
				PRODUCT_BUNDLE_IDENTIFIER = com.Mingway.TodoList;
				PRODUCT_NAME = "$(TARGET_NAME)";
				PROVISIONING_PROFILE_SPECIFIER = "";
			};
			name = Debug;
		};
		C747137C1F5AFA6A000D60EE /* Release */ = {
			isa = XCBuildConfiguration;
			baseConfigurationReference = F0355DC59DF65881A1AFCF65 /* Pods-TodoList.release.xcconfig */;
			buildSettings = {
				ASSETCATALOG_COMPILER_APPICON_NAME = AppIcon;
				CODE_SIGN_ENTITLEMENTS = TodoList/TodoList.entitlements;
				CODE_SIGN_IDENTITY = "Mac Developer";
				COMBINE_HIDPI_IMAGES = YES;
				DEVELOPMENT_TEAM = ME369AXE67;
				INFOPLIST_FILE = TodoList/Info.plist;
				LD_RUNPATH_SEARCH_PATHS = "$(inherited) @executable_path/../Frameworks";
				MACOSX_DEPLOYMENT_TARGET = 10.10;
				PRODUCT_BUNDLE_IDENTIFIER = com.Mingway.TodoList;
				PRODUCT_NAME = "$(TARGET_NAME)";
				PROVISIONING_PROFILE_SPECIFIER = "";
			};
			name = Release;
		};
/* End XCBuildConfiguration section */

/* Begin XCConfigurationList section */
		C74713611F5AFA6A000D60EE /* Build configuration list for PBXProject "TodoList" */ = {
			isa = XCConfigurationList;
			buildConfigurations = (
				C74713781F5AFA6A000D60EE /* Debug */,
				C74713791F5AFA6A000D60EE /* Release */,
			);
			defaultConfigurationIsVisible = 0;
			defaultConfigurationName = Release;
		};
		C747137A1F5AFA6A000D60EE /* Build configuration list for PBXNativeTarget "TodoList" */ = {
			isa = XCConfigurationList;
			buildConfigurations = (
				C747137B1F5AFA6A000D60EE /* Debug */,
				C747137C1F5AFA6A000D60EE /* Release */,
			);
			defaultConfigurationIsVisible = 0;
			defaultConfigurationName = Release;
		};
/* End XCConfigurationList section */
	};
	rootObject = C747135E1F5AFA6A000D60EE /* Project object */;
}
